
Microsoft Visual Studio Solution File, Format Version 12.00
# Visual Studio Version 16
VisualStudioVersion = 16.0.32106.194
MinimumVisualStudioVersion = 10.0.40219.1
Project("{FAE04EC0-301F-11D3-BF4B-00C04F79EFBC}") = "JwtTokenDemoApp", "JwtTokenDemoApp.csproj", "{DFBA1B78-B6BC-4815-81C6-35CF17B6A9A2}"
EndProject
Global
	GlobalSection(SolutionConfigurationPlatforms) = preSolution
		Debug|Any CPU = Debug|Any CPU
		Release|Any CPU = Release|Any CPU
	EndGlobalSection
	GlobalSection(ProjectConfigurationPlatforms) = postSolution
		{DFBA1B78-B6BC-4815-81C6-35CF17B6A9A2}.Debug|Any CPU.ActiveCfg = Debug|Any CPU
		{DFBA1B78-B6BC-4815-81C6-35CF17B6A9A2}.Debug|Any CPU.Build.0 = Debug|Any CPU
		{DFBA1B78-B6BC-4815-81C6-35CF17B6A9A2}.Release|Any CPU.ActiveCfg = Release|Any CPU
		{DFBA1B78-B6BC-4815-81C6-35CF17B6A9A2}.Release|Any CPU.Build.0 = Release|Any CPU
	EndGlobalSection
	GlobalSection(SolutionProperties) = preSolution
		HideSolutionNode = FALSE
	EndGlobalSection
	GlobalSection(ExtensibilityGlobals) = postSolution
		SolutionGuid = {92B166CF-7772-4ECB-A58F-C0D12CB692CB}
	EndGlobalSection
EndGlobal
